# This file was autogenerated by Stack.
# You should not edit this file by hand.
# For more information, please see the documentation at:
#   https://docs.haskellstack.org/en/stable/lock_files

packages: []
snapshots:
- completed:
    size: 421261
    url: https://raw.githubusercontent.com/commercialhaskell/stackage-snapshots/master/lts/7/9.yaml
    sha256: 725664ded9ca3975d7266d33ae1ffa09f97cc0dedbabbfb250f99ee3edae2e0d
  original: lts-7.9
