# This file was autogenerated by Stack.
# You should not edit this file by hand.
# For more information, please see the documentation at:
#   https://docs.haskellstack.org/en/stable/lock_files

packages: []
snapshots:
- completed:
    size: 518016
    url: https://raw.githubusercontent.com/commercialhaskell/stackage-snapshots/master/lts/8/24.yaml
    sha256: 58d166ffca17aba53a052fb1e2e1dd1563752d039e30f4d135d7e1cbe3e870cc
  original: lts-8.24
